// !$*UTF8*$!
{
	archiveVersion = 1;
	classes = {
	};
	objectVersion = 45;
	objects = {

/* Begin PBXBuildFile section */
		1DDD58160DA1D0A300B32029 /* MainMenu.xib in Resources */ = {isa = PBXBuildFile; fileRef = 1DDD58140DA1D0A300B32029 /* MainMenu.xib */; };
		256AC3DA0F4B6AC300CF3369 /* iamdoingxAppDelegate.m in Sources */ = {isa = PBXBuildFile; fileRef = 256AC3D90F4B6AC300CF3369 /* iamdoingxAppDelegate.m */; };
		8D11072B0486CEB800E47090 /* InfoPlist.strings in Resources */ = {isa = PBXBuildFile; fileRef = 089C165CFE840E0CC02AAC07 /* InfoPlist.strings */; };
		8D11072D0486CEB800E47090 /* main.m in Sources */ = {isa = PBXBuildFile; fileRef = 29B97316FDCFA39411CA2CEA /* main.m */; settings = {ATTRIBUTES = (); }; };
		8D11072F0486CEB800E47090 /* Cocoa.framework in Frameworks */ = {isa = PBXBuildFile; fileRef = 1058C7A1FEA54F0111CA2CBB /* Cocoa.framework */; };
		AC4E5226138E70AF00B79B77 /* NSObject+JSON.m in Sources */ = {isa = PBXBuildFile; fileRef = AC4E520E138E70AF00B79B77 /* NSObject+JSON.m */; };
		AC4E5227138E70AF00B79B77 /* SBJsonParser.m in Sources */ = {isa = PBXBuildFile; fileRef = AC4E5211138E70AF00B79B77 /* SBJsonParser.m */; };
		AC4E5228138E70AF00B79B77 /* SBJsonStreamParser.m in Sources */ = {isa = PBXBuildFile; fileRef = AC4E5213138E70AF00B79B77 /* SBJsonStreamParser.m */; };
		AC4E5229138E70AF00B79B77 /* SBJsonStreamParserAccumulator.m in Sources */ = {isa = PBXBuildFile; fileRef = AC4E5215138E70AF00B79B77 /* SBJsonStreamParserAccumulator.m */; };
		AC4E522A138E70AF00B79B77 /* SBJsonStreamParserAdapter.m in Sources */ = {isa = PBXBuildFile; fileRef = AC4E5217138E70AF00B79B77 /* SBJsonStreamParserAdapter.m */; };
		AC4E522B138E70AF00B79B77 /* SBJsonStreamParserState.m in Sources */ = {isa = PBXBuildFile; fileRef = AC4E5219138E70AF00B79B77 /* SBJsonStreamParserState.m */; };
		AC4E522C138E70AF00B79B77 /* SBJsonStreamWriter.m in Sources */ = {isa = PBXBuildFile; fileRef = AC4E521B138E70AF00B79B77 /* SBJsonStreamWriter.m */; };
		AC4E522D138E70AF00B79B77 /* SBJsonStreamWriterAccumulator.m in Sources */ = {isa = PBXBuildFile; fileRef = AC4E521D138E70AF00B79B77 /* SBJsonStreamWriterAccumulator.m */; };
		AC4E522E138E70AF00B79B77 /* SBJsonStreamWriterState.m in Sources */ = {isa = PBXBuildFile; fileRef = AC4E521F138E70AF00B79B77 /* SBJsonStreamWriterState.m */; };
		AC4E522F138E70AF00B79B77 /* SBJsonTokeniser.m in Sources */ = {isa = PBXBuildFile; fileRef = AC4E5221138E70AF00B79B77 /* SBJsonTokeniser.m */; };
		AC4E5230138E70AF00B79B77 /* SBJsonWriter.m in Sources */ = {isa = PBXBuildFile; fileRef = AC4E5223138E70AF00B79B77 /* SBJsonWriter.m */; };
		AC4E5231138E70AF00B79B77 /* SBUTF8Stream.m in Sources */ = {isa = PBXBuildFile; fileRef = AC4E5225138E70AF00B79B77 /* SBUTF8Stream.m */; };
		AC4E525D138E771500B79B77 /* PreferencesWindowController.m in Sources */ = {isa = PBXBuildFile; fileRef = AC4E525C138E771500B79B77 /* PreferencesWindowController.m */; };
		ACE85EA31395417D00E80E77 /* UpdateStatusWindowController.m in Sources */ = {isa = PBXBuildFile; fileRef = ACE85EA21395417D00E80E77 /* UpdateStatusWindowController.m */; };
/* End PBXBuildFile section */

/* Begin PBXFileReference section */
		089C165DFE840E0CC02AAC07 /* English */ = {isa = PBXFileReference; fileEncoding = 4; lastKnownFileType = text.plist.strings; name = English; path = English.lproj/InfoPlist.strings; sourceTree = "<group>"; };
		1058C7A1FEA54F0111CA2CBB /* Cocoa.framework */ = {isa = PBXFileReference; lastKnownFileType = wrapper.framework; name = Cocoa.framework; path = /System/Library/Frameworks/Cocoa.framework; sourceTree = "<absolute>"; };
		13E42FB307B3F0F600E4EEF1 /* CoreData.framework */ = {isa = PBXFileReference; lastKnownFileType = wrapper.framework; name = CoreData.framework; path = /System/Library/Frameworks/CoreData.framework; sourceTree = "<absolute>"; };
		1DDD58150DA1D0A300B32029 /* English */ = {isa = PBXFileReference; lastKnownFileType = file.xib; name = English; path = English.lproj/MainMenu.xib; sourceTree = "<group>"; };
		256AC3D80F4B6AC300CF3369 /* iamdoingxAppDelegate.h */ = {isa = PBXFileReference; fileEncoding = 4; lastKnownFileType = sourcecode.c.h; path = iamdoingxAppDelegate.h; sourceTree = "<group>"; };
		256AC3D90F4B6AC300CF3369 /* iamdoingxAppDelegate.m */ = {isa = PBXFileReference; fileEncoding = 4; lastKnownFileType = sourcecode.c.objc; path = iamdoingxAppDelegate.m; sourceTree = "<group>"; };
		256AC3F00F4B6AF500CF3369 /* iamdoingx_Prefix.pch */ = {isa = PBXFileReference; fileEncoding = 4; lastKnownFileType = sourcecode.c.h; path = iamdoingx_Prefix.pch; sourceTree = "<group>"; };
		29B97316FDCFA39411CA2CEA /* main.m */ = {isa = PBXFileReference; fileEncoding = 4; lastKnownFileType = sourcecode.c.objc; path = main.m; sourceTree = "<group>"; };
		29B97324FDCFA39411CA2CEA /* AppKit.framework */ = {isa = PBXFileReference; lastKnownFileType = wrapper.framework; name = AppKit.framework; path = /System/Library/Frameworks/AppKit.framework; sourceTree = "<absolute>"; };
		29B97325FDCFA39411CA2CEA /* Foundation.framework */ = {isa = PBXFileReference; lastKnownFileType = wrapper.framework; name = Foundation.framework; path = /System/Library/Frameworks/Foundation.framework; sourceTree = "<absolute>"; };
		8D1107310486CEB800E47090 /* iamdoingx-Info.plist */ = {isa = PBXFileReference; fileEncoding = 4; lastKnownFileType = text.plist.xml; path = "iamdoingx-Info.plist"; sourceTree = "<group>"; };
		8D1107320486CEB800E47090 /* iamdoingx.app */ = {isa = PBXFileReference; explicitFileType = wrapper.application; includeInIndex = 0; path = iamdoingx.app; sourceTree = BUILT_PRODUCTS_DIR; };
		AC4E520C138E70AF00B79B77 /* JSON.h */ = {isa = PBXFileReference; fileEncoding = 4; lastKnownFileType = sourcecode.c.h; path = JSON.h; sourceTree = "<group>"; };
		AC4E520D138E70AF00B79B77 /* NSObject+JSON.h */ = {isa = PBXFileReference; fileEncoding = 4; lastKnownFileType = sourcecode.c.h; path = "NSObject+JSON.h"; sourceTree = "<group>"; };
		AC4E520E138E70AF00B79B77 /* NSObject+JSON.m */ = {isa = PBXFileReference; fileEncoding = 4; lastKnownFileType = sourcecode.c.objc; path = "NSObject+JSON.m"; sourceTree = "<group>"; };
		AC4E520F138E70AF00B79B77 /* SBJsonIncludes.h */ = {isa = PBXFileReference; fileEncoding = 4; lastKnownFileType = sourcecode.c.h; path = SBJsonIncludes.h; sourceTree = "<group>"; };
		AC4E5210138E70AF00B79B77 /* SBJsonParser.h */ = {isa = PBXFileReference; fileEncoding = 4; lastKnownFileType = sourcecode.c.h; path = SBJsonParser.h; sourceTree = "<group>"; };
		AC4E5211138E70AF00B79B77 /* SBJsonParser.m */ = {isa = PBXFileReference; fileEncoding = 4; lastKnownFileType = sourcecode.c.objc; path = SBJsonParser.m; sourceTree = "<group>"; };
		AC4E5212138E70AF00B79B77 /* SBJsonStreamParser.h */ = {isa = PBXFileReference; fileEncoding = 4; lastKnownFileType = sourcecode.c.h; path = SBJsonStreamParser.h; sourceTree = "<group>"; };
		AC4E5213138E70AF00B79B77 /* SBJsonStreamParser.m */ = {isa = PBXFileReference; fileEncoding = 4; lastKnownFileType = sourcecode.c.objc; path = SBJsonStreamParser.m; sourceTree = "<group>"; };
		AC4E5214138E70AF00B79B77 /* SBJsonStreamParserAccumulator.h */ = {isa = PBXFileReference; fileEncoding = 4; lastKnownFileType = sourcecode.c.h; path = SBJsonStreamParserAccumulator.h; sourceTree = "<group>"; };
		AC4E5215138E70AF00B79B77 /* SBJsonStreamParserAccumulator.m */ = {isa = PBXFileReference; fileEncoding = 4; lastKnownFileType = sourcecode.c.objc; path = SBJsonStreamParserAccumulator.m; sourceTree = "<group>"; };
		AC4E5216138E70AF00B79B77 /* SBJsonStreamParserAdapter.h */ = {isa = PBXFileReference; fileEncoding = 4; lastKnownFileType = sourcecode.c.h; path = SBJsonStreamParserAdapter.h; sourceTree = "<group>"; };
		AC4E5217138E70AF00B79B77 /* SBJsonStreamParserAdapter.m */ = {isa = PBXFileReference; fileEncoding = 4; lastKnownFileType = sourcecode.c.objc; path = SBJsonStreamParserAdapter.m; sourceTree = "<group>"; };
		AC4E5218138E70AF00B79B77 /* SBJsonStreamParserState.h */ = {isa = PBXFileReference; fileEncoding = 4; lastKnownFileType = sourcecode.c.h; path = SBJsonStreamParserState.h; sourceTree = "<group>"; };
		AC4E5219138E70AF00B79B77 /* SBJsonStreamParserState.m */ = {isa = PBXFileReference; fileEncoding = 4; lastKnownFileType = sourcecode.c.objc; path = SBJsonStreamParserState.m; sourceTree = "<group>"; };
		AC4E521A138E70AF00B79B77 /* SBJsonStreamWriter.h */ = {isa = PBXFileReference; fileEncoding = 4; lastKnownFileType = sourcecode.c.h; path = SBJsonStreamWriter.h; sourceTree = "<group>"; };
		AC4E521B138E70AF00B79B77 /* SBJsonStreamWriter.m */ = {isa = PBXFileReference; fileEncoding = 4; lastKnownFileType = sourcecode.c.objc; path = SBJsonStreamWriter.m; sourceTree = "<group>"; };
		AC4E521C138E70AF00B79B77 /* SBJsonStreamWriterAccumulator.h */ = {isa = PBXFileReference; fileEncoding = 4; lastKnownFileType = sourcecode.c.h; path = SBJsonStreamWriterAccumulator.h; sourceTree = "<group>"; };
		AC4E521D138E70AF00B79B77 /* SBJsonStreamWriterAccumulator.m */ = {isa = PBXFileReference; fileEncoding = 4; lastKnownFileType = sourcecode.c.objc; path = SBJsonStreamWriterAccumulator.m; sourceTree = "<group>"; };
		AC4E521E138E70AF00B79B77 /* SBJsonStreamWriterState.h */ = {isa = PBXFileReference; fileEncoding = 4; lastKnownFileType = sourcecode.c.h; path = SBJsonStreamWriterState.h; sourceTree = "<group>"; };
		AC4E521F138E70AF00B79B77 /* SBJsonStreamWriterState.m */ = {isa = PBXFileReference; fileEncoding = 4; lastKnownFileType = sourcecode.c.objc; path = SBJsonStreamWriterState.m; sourceTree = "<group>"; };
		AC4E5220138E70AF00B79B77 /* SBJsonTokeniser.h */ = {isa = PBXFileReference; fileEncoding = 4; lastKnownFileType = sourcecode.c.h; path = SBJsonTokeniser.h; sourceTree = "<group>"; };
		AC4E5221138E70AF00B79B77 /* SBJsonTokeniser.m */ = {isa = PBXFileReference; fileEncoding = 4; lastKnownFileType = sourcecode.c.objc; path = SBJsonTokeniser.m; sourceTree = "<group>"; };
		AC4E5222138E70AF00B79B77 /* SBJsonWriter.h */ = {isa = PBXFileReference; fileEncoding = 4; lastKnownFileType = sourcecode.c.h; path = SBJsonWriter.h; sourceTree = "<group>"; };
		AC4E5223138E70AF00B79B77 /* SBJsonWriter.m */ = {isa = PBXFileReference; fileEncoding = 4; lastKnownFileType = sourcecode.c.objc; path = SBJsonWriter.m; sourceTree = "<group>"; };
		AC4E5224138E70AF00B79B77 /* SBUTF8Stream.h */ = {isa = PBXFileReference; fileEncoding = 4; lastKnownFileType = sourcecode.c.h; path = SBUTF8Stream.h; sourceTree = "<group>"; };
		AC4E5225138E70AF00B79B77 /* SBUTF8Stream.m */ = {isa = PBXFileReference; fileEncoding = 4; lastKnownFileType = sourcecode.c.objc; path = SBUTF8Stream.m; sourceTree = "<group>"; };
		AC4E525B138E771500B79B77 /* PreferencesWindowController.h */ = {isa = PBXFileReference; fileEncoding = 4; lastKnownFileType = sourcecode.c.h; path = PreferencesWindowController.h; sourceTree = "<group>"; };
		AC4E525C138E771500B79B77 /* PreferencesWindowController.m */ = {isa = PBXFileReference; fileEncoding = 4; lastKnownFileType = sourcecode.c.objc; path = PreferencesWindowController.m; sourceTree = "<group>"; };
		ACE85EA11395417D00E80E77 /* UpdateStatusWindowController.h */ = {isa = PBXFileReference; fileEncoding = 4; lastKnownFileType = sourcecode.c.h; path = UpdateStatusWindowController.h; sourceTree = "<group>"; };
		ACE85EA21395417D00E80E77 /* UpdateStatusWindowController.m */ = {isa = PBXFileReference; fileEncoding = 4; lastKnownFileType = sourcecode.c.objc; path = UpdateStatusWindowController.m; sourceTree = "<group>"; };
/* End PBXFileReference section */

/* Begin PBXFrameworksBuildPhase section */
		8D11072E0486CEB800E47090 /* Frameworks */ = {
			isa = PBXFrameworksBuildPhase;
			buildActionMask = 2147483647;
			files = (
				8D11072F0486CEB800E47090 /* Cocoa.framework in Frameworks */,
			);
			runOnlyForDeploymentPostprocessing = 0;
		};
/* End PBXFrameworksBuildPhase section */

/* Begin PBXGroup section */
		080E96DDFE201D6D7F000001 /* Classes */ = {
			isa = PBXGroup;
			children = (
				256AC3D80F4B6AC300CF3369 /* iamdoingxAppDelegate.h */,
				256AC3D90F4B6AC300CF3369 /* iamdoingxAppDelegate.m */,
				AC4E525B138E771500B79B77 /* PreferencesWindowController.h */,
				AC4E525C138E771500B79B77 /* PreferencesWindowController.m */,
				ACE85EA11395417D00E80E77 /* UpdateStatusWindowController.h */,
				ACE85EA21395417D00E80E77 /* UpdateStatusWindowController.m */,
			);
			name = Classes;
			sourceTree = "<group>";
		};
		1058C7A0FEA54F0111CA2CBB /* Linked Frameworks */ = {
			isa = PBXGroup;
			children = (
				1058C7A1FEA54F0111CA2CBB /* Cocoa.framework */,
			);
			name = "Linked Frameworks";
			sourceTree = "<group>";
		};
		1058C7A2FEA54F0111CA2CBB /* Other Frameworks */ = {
			isa = PBXGroup;
			children = (
				29B97324FDCFA39411CA2CEA /* AppKit.framework */,
				13E42FB307B3F0F600E4EEF1 /* CoreData.framework */,
				29B97325FDCFA39411CA2CEA /* Foundation.framework */,
			);
			name = "Other Frameworks";
			sourceTree = "<group>";
		};
		19C28FACFE9D520D11CA2CBB /* Products */ = {
			isa = PBXGroup;
			children = (
				8D1107320486CEB800E47090 /* iamdoingx.app */,
			);
			name = Products;
			sourceTree = "<group>";
		};
		29B97314FDCFA39411CA2CEA /* iamdoingx */ = {
			isa = PBXGroup;
			children = (
				AC4E520A138E70AF00B79B77 /* lib */,
				080E96DDFE201D6D7F000001 /* Classes */,
				29B97315FDCFA39411CA2CEA /* Other Sources */,
				29B97317FDCFA39411CA2CEA /* Resources */,
				29B97323FDCFA39411CA2CEA /* Frameworks */,
				19C28FACFE9D520D11CA2CBB /* Products */,
			);
			name = iamdoingx;
			sourceTree = "<group>";
		};
		29B97315FDCFA39411CA2CEA /* Other Sources */ = {
			isa = PBXGroup;
			children = (
				256AC3F00F4B6AF500CF3369 /* iamdoingx_Prefix.pch */,
				29B97316FDCFA39411CA2CEA /* main.m */,
			);
			name = "Other Sources";
			sourceTree = "<group>";
		};
		29B97317FDCFA39411CA2CEA /* Resources */ = {
			isa = PBXGroup;
			children = (
				8D1107310486CEB800E47090 /* iamdoingx-Info.plist */,
				089C165CFE840E0CC02AAC07 /* InfoPlist.strings */,
				1DDD58140DA1D0A300B32029 /* MainMenu.xib */,
			);
			name = Resources;
			sourceTree = "<group>";
		};
		29B97323FDCFA39411CA2CEA /* Frameworks */ = {
			isa = PBXGroup;
			children = (
				1058C7A0FEA54F0111CA2CBB /* Linked Frameworks */,
				1058C7A2FEA54F0111CA2CBB /* Other Frameworks */,
			);
			name = Frameworks;
			sourceTree = "<group>";
		};
		AC4E520A138E70AF00B79B77 /* lib */ = {
			isa = PBXGroup;
			children = (
				AC4E520B138E70AF00B79B77 /* json */,
			);
			path = lib;
			sourceTree = "<group>";
		};
		AC4E520B138E70AF00B79B77 /* json */ = {
			isa = PBXGroup;
			children = (
				AC4E520C138E70AF00B79B77 /* JSON.h */,
				AC4E520D138E70AF00B79B77 /* NSObject+JSON.h */,
				AC4E520E138E70AF00B79B77 /* NSObject+JSON.m */,
				AC4E520F138E70AF00B79B77 /* SBJsonIncludes.h */,
				AC4E5210138E70AF00B79B77 /* SBJsonParser.h */,
				AC4E5211138E70AF00B79B77 /* SBJsonParser.m */,
				AC4E5212138E70AF00B79B77 /* SBJsonStreamParser.h */,
				AC4E5213138E70AF00B79B77 /* SBJsonStreamParser.m */,
				AC4E5214138E70AF00B79B77 /* SBJsonStreamParserAccumulator.h */,
				AC4E5215138E70AF00B79B77 /* SBJsonStreamParserAccumulator.m */,
				AC4E5216138E70AF00B79B77 /* SBJsonStreamParserAdapter.h */,
				AC4E5217138E70AF00B79B77 /* SBJsonStreamParserAdapter.m */,
				AC4E5218138E70AF00B79B77 /* SBJsonStreamParserState.h */,
				AC4E5219138E70AF00B79B77 /* SBJsonStreamParserState.m */,
				AC4E521A138E70AF00B79B77 /* SBJsonStreamWriter.h */,
				AC4E521B138E70AF00B79B77 /* SBJsonStreamWriter.m */,
				AC4E521C138E70AF00B79B77 /* SBJsonStreamWriterAccumulator.h */,
				AC4E521D138E70AF00B79B77 /* SBJsonStreamWriterAccumulator.m */,
				AC4E521E138E70AF00B79B77 /* SBJsonStreamWriterState.h */,
				AC4E521F138E70AF00B79B77 /* SBJsonStreamWriterState.m */,
				AC4E5220138E70AF00B79B77 /* SBJsonTokeniser.h */,
				AC4E5221138E70AF00B79B77 /* SBJsonTokeniser.m */,
				AC4E5222138E70AF00B79B77 /* SBJsonWriter.h */,
				AC4E5223138E70AF00B79B77 /* SBJsonWriter.m */,
				AC4E5224138E70AF00B79B77 /* SBUTF8Stream.h */,
				AC4E5225138E70AF00B79B77 /* SBUTF8Stream.m */,
			);
			path = json;
			sourceTree = "<group>";
		};
/* End PBXGroup section */

/* Begin PBXNativeTarget section */
		8D1107260486CEB800E47090 /* iamdoingx */ = {
			isa = PBXNativeTarget;
			buildConfigurationList = C01FCF4A08A954540054247B /* Build configuration list for PBXNativeTarget "iamdoingx" */;
			buildPhases = (
				8D1107290486CEB800E47090 /* Resources */,
				8D11072C0486CEB800E47090 /* Sources */,
				8D11072E0486CEB800E47090 /* Frameworks */,
			);
			buildRules = (
			);
			dependencies = (
			);
			name = iamdoingx;
			productInstallPath = "$(HOME)/Applications";
			productName = iamdoingx;
			productReference = 8D1107320486CEB800E47090 /* iamdoingx.app */;
			productType = "com.apple.product-type.application";
		};
/* End PBXNativeTarget section */

/* Begin PBXProject section */
		29B97313FDCFA39411CA2CEA /* Project object */ = {
			isa = PBXProject;
			buildConfigurationList = C01FCF4E08A954540054247B /* Build configuration list for PBXProject "iamdoingx" */;
			compatibilityVersion = "Xcode 3.1";
			developmentRegion = English;
			hasScannedForEncodings = 1;
			knownRegions = (
				English,
				Japanese,
				French,
				German,
			);
			mainGroup = 29B97314FDCFA39411CA2CEA /* iamdoingx */;
			projectDirPath = "";
			projectRoot = "";
			targets = (
				8D1107260486CEB800E47090 /* iamdoingx */,
			);
		};
/* End PBXProject section */

/* Begin PBXResourcesBuildPhase section */
		8D1107290486CEB800E47090 /* Resources */ = {
			isa = PBXResourcesBuildPhase;
			buildActionMask = 2147483647;
			files = (
				8D11072B0486CEB800E47090 /* InfoPlist.strings in Resources */,
				1DDD58160DA1D0A300B32029 /* MainMenu.xib in Resources */,
			);
			runOnlyForDeploymentPostprocessing = 0;
		};
/* End PBXResourcesBuildPhase section */

/* Begin PBXSourcesBuildPhase section */
		8D11072C0486CEB800E47090 /* Sources */ = {
			isa = PBXSourcesBuildPhase;
			buildActionMask = 2147483647;
			files = (
				8D11072D0486CEB800E47090 /* main.m in Sources */,
				256AC3DA0F4B6AC300CF3369 /* iamdoingxAppDelegate.m in Sources */,
				AC4E5226138E70AF00B79B77 /* NSObject+JSON.m in Sources */,
				AC4E5227138E70AF00B79B77 /* SBJsonParser.m in Sources */,
				AC4E5228138E70AF00B79B77 /* SBJsonStreamParser.m in Sources */,
				AC4E5229138E70AF00B79B77 /* SBJsonStreamParserAccumulator.m in Sources */,
				AC4E522A138E70AF00B79B77 /* SBJsonStreamParserAdapter.m in Sources */,
				AC4E522B138E70AF00B79B77 /* SBJsonStreamParserState.m in Sources */,
				AC4E522C138E70AF00B79B77 /* SBJsonStreamWriter.m in Sources */,
				AC4E522D138E70AF00B79B77 /* SBJsonStreamWriterAccumulator.m in Sources */,
				AC4E522E138E70AF00B79B77 /* SBJsonStreamWriterState.m in Sources */,
				AC4E522F138E70AF00B79B77 /* SBJsonTokeniser.m in Sources */,
				AC4E5230138E70AF00B79B77 /* SBJsonWriter.m in Sources */,
				AC4E5231138E70AF00B79B77 /* SBUTF8Stream.m in Sources */,
				AC4E525D138E771500B79B77 /* PreferencesWindowController.m in Sources */,
				ACE85EA31395417D00E80E77 /* UpdateStatusWindowController.m in Sources */,
			);
			runOnlyForDeploymentPostprocessing = 0;
		};
/* End PBXSourcesBuildPhase section */

/* Begin PBXVariantGroup section */
		089C165CFE840E0CC02AAC07 /* InfoPlist.strings */ = {
			isa = PBXVariantGroup;
			children = (
				089C165DFE840E0CC02AAC07 /* English */,
			);
			name = InfoPlist.strings;
			sourceTree = "<group>";
		};
		1DDD58140DA1D0A300B32029 /* MainMenu.xib */ = {
			isa = PBXVariantGroup;
			children = (
				1DDD58150DA1D0A300B32029 /* English */,
			);
			name = MainMenu.xib;
			sourceTree = "<group>";
		};
/* End PBXVariantGroup section */

/* Begin XCBuildConfiguration section */
		C01FCF4B08A954540054247B /* Debug */ = {
			isa = XCBuildConfiguration;
			buildSettings = {
				ALWAYS_SEARCH_USER_PATHS = NO;
				COPY_PHASE_STRIP = NO;
				GCC_DYNAMIC_NO_PIC = NO;
				GCC_ENABLE_FIX_AND_CONTINUE = YES;
				GCC_MODEL_TUNING = G5;
				GCC_OPTIMIZATION_LEVEL = 0;
				GCC_PRECOMPILE_PREFIX_HEADER = YES;
				GCC_PREFIX_HEADER = iamdoingx_Prefix.pch;
				INFOPLIST_FILE = "iamdoingx-Info.plist";
				INSTALL_PATH = "$(HOME)/Applications";
				PRODUCT_NAME = iamdoingx;
			};
			name = Debug;
		};
		C01FCF4C08A954540054247B /* Release */ = {
			isa = XCBuildConfiguration;
			buildSettings = {
				ALWAYS_SEARCH_USER_PATHS = NO;
				DEBUG_INFORMATION_FORMAT = "dwarf-with-dsym";
				GCC_MODEL_TUNING = G5;
				GCC_PRECOMPILE_PREFIX_HEADER = YES;
				GCC_PREFIX_HEADER = iamdoingx_Prefix.pch;
				INFOPLIST_FILE = "iamdoingx-Info.plist";
				INSTALL_PATH = "$(HOME)/Applications";
				PRODUCT_NAME = iamdoingx;
			};
			name = Release;
		};
		C01FCF4F08A954540054247B /* Debug */ = {
			isa = XCBuildConfiguration;
			buildSettings = {
				ARCHS = "$(ARCHS_STANDARD_32_64_BIT)";
				GCC_C_LANGUAGE_STANDARD = gnu99;
				GCC_OPTIMIZATION_LEVEL = 0;
				GCC_WARN_ABOUT_RETURN_TYPE = YES;
				GCC_WARN_UNUSED_VARIABLE = YES;
				ONLY_ACTIVE_ARCH = YES;
				PREBINDING = NO;
				SDKROOT = macosx10.6;
			};
			name = Debug;
		};
		C01FCF5008A954540054247B /* Release */ = {
			isa = XCBuildConfiguration;
			buildSettings = {
				ARCHS = "$(ARCHS_STANDARD_32_64_BIT)";
				GCC_C_LANGUAGE_STANDARD = gnu99;
				GCC_WARN_ABOUT_RETURN_TYPE = YES;
				GCC_WARN_UNUSED_VARIABLE = YES;
				PREBINDING = NO;
				SDKROOT = macosx10.6;
			};
			name = Release;
		};
/* End XCBuildConfiguration section */

/* Begin XCConfigurationList section */
		C01FCF4A08A954540054247B /* Build configuration list for PBXNativeTarget "iamdoingx" */ = {
			isa = XCConfigurationList;
			buildConfigurations = (
				C01FCF4B08A954540054247B /* Debug */,
				C01FCF4C08A954540054247B /* Release */,
			);
			defaultConfigurationIsVisible = 0;
			defaultConfigurationName = Release;
		};
		C01FCF4E08A954540054247B /* Build configuration list for PBXProject "iamdoingx" */ = {
			isa = XCConfigurationList;
			buildConfigurations = (
				C01FCF4F08A954540054247B /* Debug */,
				C01FCF5008A954540054247B /* Release */,
			);
			defaultConfigurationIsVisible = 0;
			defaultConfigurationName = Release;
		};
/* End XCConfigurationList section */
	};
	rootObject = 29B97313FDCFA39411CA2CEA /* Project object */;
}
